{
    "_meta": {
        "hash": {
            "sha256": "49eefdd501c242a7e9a61da9e99bf3a14fa14a7973134e7189fe5bde9410cfd9"
        },
        "pipfile-spec": 6,
        "requires": {
            "python_version": "3.9"
        },
        "sources": [
            {
                "name": "pypi",
                "url": "https://pypi.org/simple",
                "verify_ssl": true
            }
        ]
    },
    "default": {
        "certifi": {
            "hashes": [
                "sha256:78884e7c1d4b00ce3cea67b44566851c4343c120abd683433ce934a68ea58872",
                "sha256:d62a0163eb4c2344ac042ab2bdf75399a71a2d8c7d47eac2e2ee91b9d6339569"
            ],
            "version": "==2021.10.8"
        },
        "pip": {
            "hashes": [
                "sha256:c146f331f0805c77017c6bb9740cec4a49a0d4582d0c3cc8244b057f83eca359",
                "sha256:f29d589df8c8ab99c060e68ad294c4a9ed896624f6368c5349d70aa581b333d0"
            ],
            "index": "pypi",
            "version": "==22.0.3"
        },
        "requests": {
            "hashes": [
                "sha256:7007e03cbc73e357b5055c6ea0ad6e447e2afa00f1a1f843cd792a1ebaa3763e",
                "sha256:8b2cc9e334b3e66aa5df15f2e4967f2c95b5164a4e6df7e92dd70ca67400912a"
            ],
            "index": "pypi",
            "version": "==2.4.0"
        }
    },
    "develop": {}
}
