{
  "name": "eze-secrets-test",
  "version": "0.1.0",
  "lockfileVersion": 1,
  "requires": true,
  "dependencies": {
    "mr-high-entropy": {
      "version": "4.0.18",
      "resolved": "https://registry.npmjs.org/@aws-amplify/analytics/-/analytics-4.0.18.tgz",
      "integrity": "sha512-nOwpubv0jGOo0IhzHKIui0kiAEQoZ+PchBv47D4yCffV2pYiMua6NllFsAmxkHLD8EYTg3MYe932HNmM6+gSzg==",
      "requires": {
        "@aws-amplify/cache": "3.1.55",
        "@aws-amplify/core": "3.8.22",
        "@aws-sdk/client-firehose": "3.6.1",
        "@aws-sdk/client-kinesis": "3.6.1",
        "@aws-sdk/client-personalize-events": "3.6.1",
        "@aws-sdk/client-pinpoint": "3.6.1",
        "@aws-sdk/util-utf8-browser": "3.6.1",
        "lodash": "^4.17.20",
        "uuid": "^3.2.1"
      },
      "dependencies": {
        "uuid": {
          "version": "3.4.0",
          "resolved": "https://registry.npmjs.org/uuid/-/uuid-3.4.0.tgz",
          "integrity": "sha512-HjSDRw6gZE5JMggctHBcjVak08+KEVhSIiDzFnT9S9aegmp85S/bReBVTb4QTFaRNptJ9kuYaNhnbNEOkbKb/A=="
        }
      }
    }
  }
}
